# This file is autogenerated, do not edit; changes may be undone by the next 'dep ensure'.


[[projects]]
  digest = "1:ebdeb808fe6861df1eaa262006a879bdbed826dd51c343bd5e681045e194997c"
  name = "github.com/google/logger"
  packages = ["."]
  pruneopts = "UT"
  revision = "7047ffcb7339f3f59be32de74a92217cb17cb40c"
  version = "v1.0.1"

[[projects]]
  branch = "master"
  digest = "1:5ec1aa331889341f487e7162e5c2f5a2060e55d90582e11cc6f93c5fe1cabd8f"
  name = "golang.org/x/sys"
  packages = [
    "windows",
    "windows/registry",
    "windows/svc/eventlog",
  ]
  pruneopts = "UT"
  revision = "5766fd39f98ddd8d769ad4aedcee557dd28de90f"

[solve-meta]
  analyzer-name = "dep"
  analyzer-version = 1
  input-imports = ["github.com/google/logger"]
  solver-name = "gps-cdcl"
  solver-version = 1
